
Microsoft Visual Studio Solution File, Format Version 12.00
# Visual Studio 15
VisualStudioVersion = 15.0.28307.329
MinimumVisualStudioVersion = 10.0.40219.1
Project("{8BC9CEB8-8B4A-11D0-8D11-00A0C91BC942}") = "OpenFile", "OpenFile\OpenFile.vcxproj", "{3DB6BF9E-5250-466B-87AD-E19473FF15C3}"
EndProject
Global
	GlobalSection(SolutionConfigurationPlatforms) = preSolution
		Debug|x64 = Debug|x64
		Debug|x86 = Debug|x86
		Release|x64 = Release|x64
		Release|x86 = Release|x86
	EndGlobalSection
	GlobalSection(ProjectConfigurationPlatforms) = postSolution
		{3DB6BF9E-5250-466B-87AD-E19473FF15C3}.Debug|x64.ActiveCfg = Debug|x64
		{3DB6BF9E-5250-466B-87AD-E19473FF15C3}.Debug|x64.Build.0 = Debug|x64
		{3DB6BF9E-5250-466B-87AD-E19473FF15C3}.Debug|x86.ActiveCfg = Debug|Win32
		{3DB6BF9E-5250-466B-87AD-E19473FF15C3}.Debug|x86.Build.0 = Debug|Win32
		{3DB6BF9E-5250-466B-87AD-E19473FF15C3}.Release|x64.ActiveCfg = Release|x64
		{3DB6BF9E-5250-466B-87AD-E19473FF15C3}.Release|x64.Build.0 = Release|x64
		{3DB6BF9E-5250-466B-87AD-E19473FF15C3}.Release|x86.ActiveCfg = Release|Win32
		{3DB6BF9E-5250-466B-87AD-E19473FF15C3}.Release|x86.Build.0 = Release|Win32
	EndGlobalSection
	GlobalSection(SolutionProperties) = preSolution
		HideSolutionNode = FALSE
	EndGlobalSection
	GlobalSection(ExtensibilityGlobals) = postSolution
		SolutionGuid = {3A57C61A-E34A-4A56-9E4D-2C2BA0E9B2A7}
	EndGlobalSection
EndGlobal
